
Microsoft Visual Studio Solution File, Format Version 12.00
# Visual Studio Version 17
VisualStudioVersion = 17.14.36310.24
MinimumVisualStudioVersion = 10.0.40219.1
Project("{FAE04EC0-301F-11D3-BF4B-00C04F79EFBC}") = "AskFm.API", "AskFm.API\AskFm.API.csproj", "{0630B7C6-B429-4BBA-AA5A-8793AA4FC0DE}"
EndProject
Project("{FAE04EC0-301F-11D3-BF4B-00C04F79EFBC}") = "AskFm.BLL", "AskFm.BLL\AskFm.BLL.csproj", "{D659562C-FEF7-486F-A320-4FCE8EFD6202}"
EndProject
Project("{FAE04EC0-301F-11D3-BF4B-00C04F79EFBC}") = "AskFm.DLL", "AskFm.DLL\AskFm.DLL.csproj", "{DABC5408-AC02-42E5-B4D7-9CE6FA449BA6}"
EndProject
Project("{FAE04EC0-301F-11D3-BF4B-00C04F79EFBC}") = "Tests", "Tests\Tests.csproj", "{CE580260-EB9E-4AFE-8ED5-34EF36BD5006}"
EndProject
Project("{FAE04EC0-301F-11D3-BF4B-00C04F79EFBC}") = "Shared", "Shared\Shared.csproj", "{4D728DA7-0DB2-4588-8DB5-453F8C06BC63}"
EndProject
Global
	GlobalSection(SolutionConfigurationPlatforms) = preSolution
		Debug|Any CPU = Debug|Any CPU
		Release|Any CPU = Release|Any CPU
	EndGlobalSection
	GlobalSection(ProjectConfigurationPlatforms) = postSolution
		{0630B7C6-B429-4BBA-AA5A-8793AA4FC0DE}.Debug|Any CPU.ActiveCfg = Debug|Any CPU
		{0630B7C6-B429-4BBA-AA5A-8793AA4FC0DE}.Debug|Any CPU.Build.0 = Debug|Any CPU
		{0630B7C6-B429-4BBA-AA5A-8793AA4FC0DE}.Release|Any CPU.ActiveCfg = Release|Any CPU
		{0630B7C6-B429-4BBA-AA5A-8793AA4FC0DE}.Release|Any CPU.Build.0 = Release|Any CPU
		{D659562C-FEF7-486F-A320-4FCE8EFD6202}.Debug|Any CPU.ActiveCfg = Debug|Any CPU
		{D659562C-FEF7-486F-A320-4FCE8EFD6202}.Debug|Any CPU.Build.0 = Debug|Any CPU
		{D659562C-FEF7-486F-A320-4FCE8EFD6202}.Release|Any CPU.ActiveCfg = Release|Any CPU
		{D659562C-FEF7-486F-A320-4FCE8EFD6202}.Release|Any CPU.Build.0 = Release|Any CPU
		{DABC5408-AC02-42E5-B4D7-9CE6FA449BA6}.Debug|Any CPU.ActiveCfg = Debug|Any CPU
		{DABC5408-AC02-42E5-B4D7-9CE6FA449BA6}.Debug|Any CPU.Build.0 = Debug|Any CPU
		{DABC5408-AC02-42E5-B4D7-9CE6FA449BA6}.Release|Any CPU.ActiveCfg = Release|Any CPU
		{DABC5408-AC02-42E5-B4D7-9CE6FA449BA6}.Release|Any CPU.Build.0 = Release|Any CPU
		{CE580260-EB9E-4AFE-8ED5-34EF36BD5006}.Debug|Any CPU.ActiveCfg = Debug|Any CPU
		{CE580260-EB9E-4AFE-8ED5-34EF36BD5006}.Debug|Any CPU.Build.0 = Debug|Any CPU
		{CE580260-EB9E-4AFE-8ED5-34EF36BD5006}.Release|Any CPU.ActiveCfg = Release|Any CPU
		{CE580260-EB9E-4AFE-8ED5-34EF36BD5006}.Release|Any CPU.Build.0 = Release|Any CPU
		{4D728DA7-0DB2-4588-8DB5-453F8C06BC63}.Debug|Any CPU.ActiveCfg = Debug|Any CPU
		{4D728DA7-0DB2-4588-8DB5-453F8C06BC63}.Debug|Any CPU.Build.0 = Debug|Any CPU
		{4D728DA7-0DB2-4588-8DB5-453F8C06BC63}.Release|Any CPU.ActiveCfg = Release|Any CPU
		{4D728DA7-0DB2-4588-8DB5-453F8C06BC63}.Release|Any CPU.Build.0 = Release|Any CPU
	EndGlobalSection
	GlobalSection(SolutionProperties) = preSolution
		HideSolutionNode = FALSE
	EndGlobalSection
	GlobalSection(ExtensibilityGlobals) = postSolution
		SolutionGuid = {05A7F3DB-502E-445C-AE32-16E8CCFAABAE}
	EndGlobalSection
EndGlobal
